
Microsoft Visual Studio Solution File, Format Version 12.00
# Visual Studio Version 17
VisualStudioVersion = 17.11.35327.3
MinimumVisualStudioVersion = 10.0.40219.1
Project("{9A19103F-16F7-4668-BE54-9A1E7A4F7556}") = "WebAPI", "WebAPI\WebAPI.csproj", "{9995018B-0A78-4F12-980E-6225CCC6E622}"
EndProject
Project("{9A19103F-16F7-4668-BE54-9A1E7A4F7556}") = "Application", "Application\Application.csproj", "{DEB44D37-1C7A-4E8F-816B-C16E270A4688}"
EndProject
Project("{9A19103F-16F7-4668-BE54-9A1E7A4F7556}") = "Domain", "Domain\Domain.csproj", "{38CAA3EA-1EA7-45F9-BB1B-CF5CF3EFE1BB}"
EndProject
Project("{9A19103F-16F7-4668-BE54-9A1E7A4F7556}") = "Infrastructure", "Infrastructure\Infrastructure.csproj", "{422090E2-F86F-4D77-BA62-FE5A5C459B8B}"
EndProject
Project("{FAE04EC0-301F-11D3-BF4B-00C04F79EFBC}") = "UnitTest", "UnitTest\UnitTest.csproj", "{EFC1080A-0DCF-4BED-BDF0-5EF57963C0A7}"
EndProject
Global
	GlobalSection(SolutionConfigurationPlatforms) = preSolution
		Debug|Any CPU = Debug|Any CPU
		Release|Any CPU = Release|Any CPU
	EndGlobalSection
	GlobalSection(ProjectConfigurationPlatforms) = postSolution
		{9995018B-0A78-4F12-980E-6225CCC6E622}.Debug|Any CPU.ActiveCfg = Debug|Any CPU
		{9995018B-0A78-4F12-980E-6225CCC6E622}.Debug|Any CPU.Build.0 = Debug|Any CPU
		{9995018B-0A78-4F12-980E-6225CCC6E622}.Release|Any CPU.ActiveCfg = Release|Any CPU
		{9995018B-0A78-4F12-980E-6225CCC6E622}.Release|Any CPU.Build.0 = Release|Any CPU
		{DEB44D37-1C7A-4E8F-816B-C16E270A4688}.Debug|Any CPU.ActiveCfg = Debug|Any CPU
		{DEB44D37-1C7A-4E8F-816B-C16E270A4688}.Debug|Any CPU.Build.0 = Debug|Any CPU
		{DEB44D37-1C7A-4E8F-816B-C16E270A4688}.Release|Any CPU.ActiveCfg = Release|Any CPU
		{DEB44D37-1C7A-4E8F-816B-C16E270A4688}.Release|Any CPU.Build.0 = Release|Any CPU
		{38CAA3EA-1EA7-45F9-BB1B-CF5CF3EFE1BB}.Debug|Any CPU.ActiveCfg = Debug|Any CPU
		{38CAA3EA-1EA7-45F9-BB1B-CF5CF3EFE1BB}.Debug|Any CPU.Build.0 = Debug|Any CPU
		{38CAA3EA-1EA7-45F9-BB1B-CF5CF3EFE1BB}.Release|Any CPU.ActiveCfg = Release|Any CPU
		{38CAA3EA-1EA7-45F9-BB1B-CF5CF3EFE1BB}.Release|Any CPU.Build.0 = Release|Any CPU
		{422090E2-F86F-4D77-BA62-FE5A5C459B8B}.Debug|Any CPU.ActiveCfg = Debug|Any CPU
		{422090E2-F86F-4D77-BA62-FE5A5C459B8B}.Debug|Any CPU.Build.0 = Debug|Any CPU
		{422090E2-F86F-4D77-BA62-FE5A5C459B8B}.Release|Any CPU.ActiveCfg = Release|Any CPU
		{422090E2-F86F-4D77-BA62-FE5A5C459B8B}.Release|Any CPU.Build.0 = Release|Any CPU
		{EFC1080A-0DCF-4BED-BDF0-5EF57963C0A7}.Debug|Any CPU.ActiveCfg = Debug|Any CPU
		{EFC1080A-0DCF-4BED-BDF0-5EF57963C0A7}.Debug|Any CPU.Build.0 = Debug|Any CPU
		{EFC1080A-0DCF-4BED-BDF0-5EF57963C0A7}.Release|Any CPU.ActiveCfg = Release|Any CPU
		{EFC1080A-0DCF-4BED-BDF0-5EF57963C0A7}.Release|Any CPU.Build.0 = Release|Any CPU
	EndGlobalSection
	GlobalSection(SolutionProperties) = preSolution
		HideSolutionNode = FALSE
	EndGlobalSection
	GlobalSection(ExtensibilityGlobals) = postSolution
		SolutionGuid = {FA0EB78E-6571-4E13-A7B5-286D7A1A4193}
	EndGlobalSection
EndGlobal
